// !$*UTF8*$!
{
	archiveVersion = 1;
	classes = {
	};
	objectVersion = 77;
	objects = {

/* Begin PBXBuildFile section */
		0A68566C90BD955AC81E85DE /* ScheduleEditorView.swift in Sources */ = {isa = PBXBuildFile; fileRef = 15207391516D41A6B6464F0B /* ScheduleEditorView.swift */; };
		0C32F210C8BF0133A2A22485 /* SunSchedule.swift in Sources */ = {isa = PBXBuildFile; fileRef = A178190BA724456BFB8881A7 /* SunSchedule.swift */; };
		0D512B617D6285720C7D9E53 /* LampPreviewView.swift in Sources */ = {isa = PBXBuildFile; fileRef = 4E467BC6899509BA0F95CD5F /* LampPreviewView.swift */; };
		0FC715F334EF0B9262D239B0 /* ScheduleChip.swift in Sources */ = {isa = PBXBuildFile; fileRef = 0FE8DCFE629D54DA02663879 /* ScheduleChip.swift */; };
		170B2D58E8BCCE09BEC92B7C /* LocationProvider.swift in Sources */ = {isa = PBXBuildFile; fileRef = FC90B2758620FFCDFBEB519F /* LocationProvider.swift */; };
		1866BD56685E2A39A6B58789 /* DayNightTimelineView.swift in Sources */ = {isa = PBXBuildFile; fileRef = C516C363AF6EE1C29BC8ED5A /* DayNightTimelineView.swift */; };
		2169C6829F8345A4C71AE059 /* PuckSlider.swift in Sources */ = {isa = PBXBuildFile; fileRef = F7014E1961B106151933036F /* PuckSlider.swift */; };
		3617C203EBCF0F162931A711 /* SkyViewControlApp.swift in Sources */ = {isa = PBXBuildFile; fileRef = 1D910D926ECE21ED54106EFE /* SkyViewControlApp.swift */; };
		3BDB9CD6AAD42368CB09085D /* ContentView.swift in Sources */ = {isa = PBXBuildFile; fileRef = 677A6744ED7872608AE729EF /* ContentView.swift */; };
		49463153A39808CBC355F036 /* LampScheduleStore.swift in Sources */ = {isa = PBXBuildFile; fileRef = B1E1C8FE203AD3DD85BD922D /* LampScheduleStore.swift */; };
		75502F5B16F96DF0339967F3 /* LampShape.swift in Sources */ = {isa = PBXBuildFile; fileRef = 87D3FFB776E7EC8A884EE377 /* LampShape.swift */; };
		9727445CD15CC4AA977CD220 /* SunScheduleProvider.swift in Sources */ = {isa = PBXBuildFile; fileRef = C2D0D1AAA249707248D2F407 /* SunScheduleProvider.swift */; };
		B1D34BE5A6DA3B024D393ED6 /* DevicePickerView.swift in Sources */ = {isa = PBXBuildFile; fileRef = 37B86BE96CF76A9ABFA350A8 /* DevicePickerView.swift */; };
		E9C54BBA518A78BE81B11F12 /* SettingsView.swift in Sources */ = {isa = PBXBuildFile; fileRef = 4D45455B4A6274C35BAED49B /* SettingsView.swift */; };
/* End PBXBuildFile section */

/* Begin PBXFileReference section */
		0FE8DCFE629D54DA02663879 /* ScheduleChip.swift */ = {isa = PBXFileReference; lastKnownFileType = sourcecode.swift; path = ScheduleChip.swift; sourceTree = "<group>"; };
		15207391516D41A6B6464F0B /* ScheduleEditorView.swift */ = {isa = PBXFileReference; lastKnownFileType = sourcecode.swift; path = ScheduleEditorView.swift; sourceTree = "<group>"; };
		1D910D926ECE21ED54106EFE /* SkyViewControlApp.swift */ = {isa = PBXFileReference; lastKnownFileType = sourcecode.swift; path = SkyViewControlApp.swift; sourceTree = "<group>"; };
		1FFDF8FF4C74EB2077DE193C /* SkyViewControl.entitlements */ = {isa = PBXFileReference; lastKnownFileType = text.plist.entitlements; path = SkyViewControl.entitlements; sourceTree = "<group>"; };
		37B86BE96CF76A9ABFA350A8 /* DevicePickerView.swift */ = {isa = PBXFileReference; lastKnownFileType = sourcecode.swift; path = DevicePickerView.swift; sourceTree = "<group>"; };
		457BAAB5B73C34E1A3051740 /* SkyViewControl.app */ = {isa = PBXFileReference; includeInIndex = 0; lastKnownFileType = wrapper.application; path = SkyViewControl.app; sourceTree = BUILT_PRODUCTS_DIR; };
		4D45455B4A6274C35BAED49B /* SettingsView.swift */ = {isa = PBXFileReference; lastKnownFileType = sourcecode.swift; path = SettingsView.swift; sourceTree = "<group>"; };
		4E467BC6899509BA0F95CD5F /* LampPreviewView.swift */ = {isa = PBXFileReference; lastKnownFileType = sourcecode.swift; path = LampPreviewView.swift; sourceTree = "<group>"; };
		677A6744ED7872608AE729EF /* ContentView.swift */ = {isa = PBXFileReference; lastKnownFileType = sourcecode.swift; path = ContentView.swift; sourceTree = "<group>"; };
		87D3FFB776E7EC8A884EE377 /* LampShape.swift */ = {isa = PBXFileReference; lastKnownFileType = sourcecode.swift; path = LampShape.swift; sourceTree = "<group>"; };
		A178190BA724456BFB8881A7 /* SunSchedule.swift */ = {isa = PBXFileReference; lastKnownFileType = sourcecode.swift; path = SunSchedule.swift; sourceTree = "<group>"; };
		B1E1C8FE203AD3DD85BD922D /* LampScheduleStore.swift */ = {isa = PBXFileReference; lastKnownFileType = sourcecode.swift; path = LampScheduleStore.swift; sourceTree = "<group>"; };
		C2D0D1AAA249707248D2F407 /* SunScheduleProvider.swift */ = {isa = PBXFileReference; lastKnownFileType = sourcecode.swift; path = SunScheduleProvider.swift; sourceTree = "<group>"; };
		C516C363AF6EE1C29BC8ED5A /* DayNightTimelineView.swift */ = {isa = PBXFileReference; lastKnownFileType = sourcecode.swift; path = DayNightTimelineView.swift; sourceTree = "<group>"; };
		F7014E1961B106151933036F /* PuckSlider.swift */ = {isa = PBXFileReference; lastKnownFileType = sourcecode.swift; path = PuckSlider.swift; sourceTree = "<group>"; };
		FC90B2758620FFCDFBEB519F /* LocationProvider.swift */ = {isa = PBXFileReference; lastKnownFileType = sourcecode.swift; path = LocationProvider.swift; sourceTree = "<group>"; };
/* End PBXFileReference section */

/* Begin PBXGroup section */
		204CFF22E71A6AB8CDB81B2D = {
			isa = PBXGroup;
			children = (
				82D4464EA630423855A61811 /* SkyViewControl */,
				9ED93543AD5851842A1CDEFB /* Products */,
			);
			sourceTree = "<group>";
		};
		82D4464EA630423855A61811 /* SkyViewControl */ = {
			isa = PBXGroup;
			children = (
				677A6744ED7872608AE729EF /* ContentView.swift */,
				C516C363AF6EE1C29BC8ED5A /* DayNightTimelineView.swift */,
				37B86BE96CF76A9ABFA350A8 /* DevicePickerView.swift */,
				4E467BC6899509BA0F95CD5F /* LampPreviewView.swift */,
				B1E1C8FE203AD3DD85BD922D /* LampScheduleStore.swift */,
				87D3FFB776E7EC8A884EE377 /* LampShape.swift */,
				FC90B2758620FFCDFBEB519F /* LocationProvider.swift */,
				F7014E1961B106151933036F /* PuckSlider.swift */,
				0FE8DCFE629D54DA02663879 /* ScheduleChip.swift */,
				15207391516D41A6B6464F0B /* ScheduleEditorView.swift */,
				4D45455B4A6274C35BAED49B /* SettingsView.swift */,
				1FFDF8FF4C74EB2077DE193C /* SkyViewControl.entitlements */,
				1D910D926ECE21ED54106EFE /* SkyViewControlApp.swift */,
				A178190BA724456BFB8881A7 /* SunSchedule.swift */,
				C2D0D1AAA249707248D2F407 /* SunScheduleProvider.swift */,
			);
			path = SkyViewControl;
			sourceTree = "<group>";
		};
		9ED93543AD5851842A1CDEFB /* Products */ = {
			isa = PBXGroup;
			children = (
				457BAAB5B73C34E1A3051740 /* SkyViewControl.app */,
			);
			name = Products;
			sourceTree = "<group>";
		};
/* End PBXGroup section */

/* Begin PBXNativeTarget section */
		C3B2961EBC40F9C1F95CF237 /* SkyViewControl */ = {
			isa = PBXNativeTarget;
			buildConfigurationList = 705068A72D934728C23425E1 /* Build configuration list for PBXNativeTarget "SkyViewControl" */;
			buildPhases = (
				1D7D9F08B005BE231ACF1C10 /* Sources */,
			);
			buildRules = (
			);
			dependencies = (
			);
			name = SkyViewControl;
			packageProductDependencies = (
			);
			productName = SkyViewControl;
			productReference = 457BAAB5B73C34E1A3051740 /* SkyViewControl.app */;
			productType = "com.apple.product-type.application";
		};
/* End PBXNativeTarget section */

/* Begin PBXProject section */
		DA4953E8EC220B4EEA9E1B2B /* Project object */ = {
			isa = PBXProject;
			attributes = {
				BuildIndependentTargetsInParallel = YES;
				LastUpgradeCheck = 1430;
				TargetAttributes = {
					C3B2961EBC40F9C1F95CF237 = {
						DevelopmentTeam = 4XRBD4BK9D;
						ProvisioningStyle = Automatic;
					};
				};
			};
			buildConfigurationList = A02E6742D75F0D812AD9A23D /* Build configuration list for PBXProject "SkyViewControl" */;
			developmentRegion = en;
			hasScannedForEncodings = 0;
			knownRegions = (
				Base,
				en,
			);
			mainGroup = 204CFF22E71A6AB8CDB81B2D;
			minimizedProjectReferenceProxies = 1;
			preferredProjectObjectVersion = 77;
			productRefGroup = 9ED93543AD5851842A1CDEFB /* Products */;
			projectDirPath = "";
			projectRoot = "";
			targets = (
				C3B2961EBC40F9C1F95CF237 /* SkyViewControl */,
			);
		};
/* End PBXProject section */

/* Begin PBXSourcesBuildPhase section */
		1D7D9F08B005BE231ACF1C10 /* Sources */ = {
			isa = PBXSourcesBuildPhase;
			buildActionMask = 2147483647;
			files = (
				3BDB9CD6AAD42368CB09085D /* ContentView.swift in Sources */,
				1866BD56685E2A39A6B58789 /* DayNightTimelineView.swift in Sources */,
				B1D34BE5A6DA3B024D393ED6 /* DevicePickerView.swift in Sources */,
				0D512B617D6285720C7D9E53 /* LampPreviewView.swift in Sources */,
				49463153A39808CBC355F036 /* LampScheduleStore.swift in Sources */,
				75502F5B16F96DF0339967F3 /* LampShape.swift in Sources */,
				170B2D58E8BCCE09BEC92B7C /* LocationProvider.swift in Sources */,
				2169C6829F8345A4C71AE059 /* PuckSlider.swift in Sources */,
				0FC715F334EF0B9262D239B0 /* ScheduleChip.swift in Sources */,
				0A68566C90BD955AC81E85DE /* ScheduleEditorView.swift in Sources */,
				E9C54BBA518A78BE81B11F12 /* SettingsView.swift in Sources */,
				3617C203EBCF0F162931A711 /* SkyViewControlApp.swift in Sources */,
				0C32F210C8BF0133A2A22485 /* SunSchedule.swift in Sources */,
				9727445CD15CC4AA977CD220 /* SunScheduleProvider.swift in Sources */,
			);
			runOnlyForDeploymentPostprocessing = 0;
		};
/* End PBXSourcesBuildPhase section */

/* Begin XCBuildConfiguration section */
		321EC1E74D0396F1A325C84D /* Debug */ = {
			isa = XCBuildConfiguration;
			buildSettings = {
				ASSETCATALOG_COMPILER_APPICON_NAME = AppIcon;
				CODE_SIGN_ENTITLEMENTS = SkyViewControl/SkyViewControl.entitlements;
				CODE_SIGN_IDENTITY = "iPhone Developer";
				CODE_SIGN_STYLE = Automatic;
				CURRENT_PROJECT_VERSION = 1;
				DEVELOPMENT_TEAM = 4XRBD4BK9D;
				GENERATE_INFOPLIST_FILE = YES;
				INFOPLIST_KEY_CFBundleDisplayName = SkyView;
				INFOPLIST_KEY_NSLocationWhenInUseUsageDescription = "Your location is used to show accurate sunrise and sunset times on the timeline.";
				INFOPLIST_KEY_UILaunchScreen_Generation = YES;
				IPHONEOS_DEPLOYMENT_TARGET = 26.0;
				LD_RUNPATH_SEARCH_PATHS = (
					"$(inherited)",
					"@executable_path/Frameworks",
				);
				MARKETING_VERSION = 0.1.0;
				PRODUCT_BUNDLE_IDENTIFIER = com.notnotjake.SkyViewControl;
				SDKROOT = iphoneos;
				SWIFT_VERSION = 6.0;
				TARGETED_DEVICE_FAMILY = 1;
			};
			name = Debug;
		};
		422ABE00B727C14B67BC01A9 /* Debug */ = {
			isa = XCBuildConfiguration;
			buildSettings = {
				ALWAYS_SEARCH_USER_PATHS = NO;
				CLANG_ANALYZER_NONNULL = YES;
				CLANG_ANALYZER_NUMBER_OBJECT_CONVERSION = YES_AGGRESSIVE;
				CLANG_CXX_LANGUAGE_STANDARD = "gnu++14";
				CLANG_CXX_LIBRARY = "libc++";
				CLANG_ENABLE_MODULES = YES;
				CLANG_ENABLE_OBJC_ARC = YES;
				CLANG_ENABLE_OBJC_WEAK = YES;
				CLANG_WARN_BLOCK_CAPTURE_AUTORELEASING = YES;
				CLANG_WARN_BOOL_CONVERSION = YES;
				CLANG_WARN_COMMA = YES;
				CLANG_WARN_CONSTANT_CONVERSION = YES;
				CLANG_WARN_DEPRECATED_OBJC_IMPLEMENTATIONS = YES;
				CLANG_WARN_DIRECT_OBJC_ISA_USAGE = YES_ERROR;
				CLANG_WARN_DOCUMENTATION_COMMENTS = YES;
				CLANG_WARN_EMPTY_BODY = YES;
				CLANG_WARN_ENUM_CONVERSION = YES;
				CLANG_WARN_INFINITE_RECURSION = YES;
				CLANG_WARN_INT_CONVERSION = YES;
				CLANG_WARN_NON_LITERAL_NULL_CONVERSION = YES;
				CLANG_WARN_OBJC_IMPLICIT_RETAIN_SELF = YES;
				CLANG_WARN_OBJC_LITERAL_CONVERSION = YES;
				CLANG_WARN_OBJC_ROOT_CLASS = YES_ERROR;
				CLANG_WARN_QUOTED_INCLUDE_IN_FRAMEWORK_HEADER = YES;
				CLANG_WARN_RANGE_LOOP_ANALYSIS = YES;
				CLANG_WARN_STRICT_PROTOTYPES = YES;
				CLANG_WARN_SUSPICIOUS_MOVE = YES;
				CLANG_WARN_UNGUARDED_AVAILABILITY = YES_AGGRESSIVE;
				CLANG_WARN_UNREACHABLE_CODE = YES;
				CLANG_WARN__DUPLICATE_METHOD_MATCH = YES;
				COPY_PHASE_STRIP = NO;
				DEBUG_INFORMATION_FORMAT = dwarf;
				ENABLE_STRICT_OBJC_MSGSEND = YES;
				ENABLE_TESTABILITY = YES;
				GCC_C_LANGUAGE_STANDARD = gnu11;
				GCC_DYNAMIC_NO_PIC = NO;
				GCC_NO_COMMON_BLOCKS = YES;
				GCC_OPTIMIZATION_LEVEL = 0;
				GCC_PREPROCESSOR_DEFINITIONS = (
					"$(inherited)",
					"DEBUG=1",
				);
				GCC_WARN_64_TO_32_BIT_CONVERSION = YES;
				GCC_WARN_ABOUT_RETURN_TYPE = YES_ERROR;
				GCC_WARN_UNDECLARED_SELECTOR = YES;
				GCC_WARN_UNINITIALIZED_AUTOS = YES_AGGRESSIVE;
				GCC_WARN_UNUSED_FUNCTION = YES;
				GCC_WARN_UNUSED_VARIABLE = YES;
				IPHONEOS_DEPLOYMENT_TARGET = 26.0;
				MTL_ENABLE_DEBUG_INFO = INCLUDE_SOURCE;
				MTL_FAST_MATH = YES;
				ONLY_ACTIVE_ARCH = YES;
				PRODUCT_NAME = "$(TARGET_NAME)";
				SDKROOT = iphoneos;
				SWIFT_ACTIVE_COMPILATION_CONDITIONS = DEBUG;
				SWIFT_OPTIMIZATION_LEVEL = "-Onone";
				SWIFT_VERSION = 5.0;
			};
			name = Debug;
		};
		8DAA901AB4DEF4C6D022B1A5 /* Release */ = {
			isa = XCBuildConfiguration;
			buildSettings = {
				ASSETCATALOG_COMPILER_APPICON_NAME = AppIcon;
				CODE_SIGN_ENTITLEMENTS = SkyViewControl/SkyViewControl.entitlements;
				CODE_SIGN_IDENTITY = "iPhone Developer";
				CODE_SIGN_STYLE = Automatic;
				CURRENT_PROJECT_VERSION = 1;
				DEVELOPMENT_TEAM = 4XRBD4BK9D;
				GENERATE_INFOPLIST_FILE = YES;
				INFOPLIST_KEY_CFBundleDisplayName = SkyView;
				INFOPLIST_KEY_NSLocationWhenInUseUsageDescription = "Your location is used to show accurate sunrise and sunset times on the timeline.";
				INFOPLIST_KEY_UILaunchScreen_Generation = YES;
				IPHONEOS_DEPLOYMENT_TARGET = 26.0;
				LD_RUNPATH_SEARCH_PATHS = (
					"$(inherited)",
					"@executable_path/Frameworks",
				);
				MARKETING_VERSION = 0.1.0;
				PRODUCT_BUNDLE_IDENTIFIER = com.notnotjake.SkyViewControl;
				SDKROOT = iphoneos;
				SWIFT_VERSION = 6.0;
				TARGETED_DEVICE_FAMILY = 1;
			};
			name = Release;
		};
		D1449863CFEA3A1967DC9986 /* Release */ = {
			isa = XCBuildConfiguration;
			buildSettings = {
				ALWAYS_SEARCH_USER_PATHS = NO;
				CLANG_ANALYZER_NONNULL = YES;
				CLANG_ANALYZER_NUMBER_OBJECT_CONVERSION = YES_AGGRESSIVE;
				CLANG_CXX_LANGUAGE_STANDARD = "gnu++14";
				CLANG_CXX_LIBRARY = "libc++";
				CLANG_ENABLE_MODULES = YES;
				CLANG_ENABLE_OBJC_ARC = YES;
				CLANG_ENABLE_OBJC_WEAK = YES;
				CLANG_WARN_BLOCK_CAPTURE_AUTORELEASING = YES;
				CLANG_WARN_BOOL_CONVERSION = YES;
				CLANG_WARN_COMMA = YES;
				CLANG_WARN_CONSTANT_CONVERSION = YES;
				CLANG_WARN_DEPRECATED_OBJC_IMPLEMENTATIONS = YES;
				CLANG_WARN_DIRECT_OBJC_ISA_USAGE = YES_ERROR;
				CLANG_WARN_DOCUMENTATION_COMMENTS = YES;
				CLANG_WARN_EMPTY_BODY = YES;
				CLANG_WARN_ENUM_CONVERSION = YES;
				CLANG_WARN_INFINITE_RECURSION = YES;
				CLANG_WARN_INT_CONVERSION = YES;
				CLANG_WARN_NON_LITERAL_NULL_CONVERSION = YES;
				CLANG_WARN_OBJC_IMPLICIT_RETAIN_SELF = YES;
				CLANG_WARN_OBJC_LITERAL_CONVERSION = YES;
				CLANG_WARN_OBJC_ROOT_CLASS = YES_ERROR;
				CLANG_WARN_QUOTED_INCLUDE_IN_FRAMEWORK_HEADER = YES;
				CLANG_WARN_RANGE_LOOP_ANALYSIS = YES;
				CLANG_WARN_STRICT_PROTOTYPES = YES;
				CLANG_WARN_SUSPICIOUS_MOVE = YES;
				CLANG_WARN_UNGUARDED_AVAILABILITY = YES_AGGRESSIVE;
				CLANG_WARN_UNREACHABLE_CODE = YES;
				CLANG_WARN__DUPLICATE_METHOD_MATCH = YES;
				COPY_PHASE_STRIP = NO;
				DEBUG_INFORMATION_FORMAT = "dwarf-with-dsym";
				ENABLE_NS_ASSERTIONS = NO;
				ENABLE_STRICT_OBJC_MSGSEND = YES;
				GCC_C_LANGUAGE_STANDARD = gnu11;
				GCC_NO_COMMON_BLOCKS = YES;
				GCC_WARN_64_TO_32_BIT_CONVERSION = YES;
				GCC_WARN_ABOUT_RETURN_TYPE = YES_ERROR;
				GCC_WARN_UNDECLARED_SELECTOR = YES;
				GCC_WARN_UNINITIALIZED_AUTOS = YES_AGGRESSIVE;
				GCC_WARN_UNUSED_FUNCTION = YES;
				GCC_WARN_UNUSED_VARIABLE = YES;
				IPHONEOS_DEPLOYMENT_TARGET = 26.0;
				MTL_ENABLE_DEBUG_INFO = NO;
				MTL_FAST_MATH = YES;
				PRODUCT_NAME = "$(TARGET_NAME)";
				SDKROOT = iphoneos;
				SWIFT_COMPILATION_MODE = wholemodule;
				SWIFT_OPTIMIZATION_LEVEL = "-O";
				SWIFT_VERSION = 5.0;
			};
			name = Release;
		};
/* End XCBuildConfiguration section */

/* Begin XCConfigurationList section */
		705068A72D934728C23425E1 /* Build configuration list for PBXNativeTarget "SkyViewControl" */ = {
			isa = XCConfigurationList;
			buildConfigurations = (
				321EC1E74D0396F1A325C84D /* Debug */,
				8DAA901AB4DEF4C6D022B1A5 /* Release */,
			);
			defaultConfigurationIsVisible = 0;
			defaultConfigurationName = Debug;
		};
		A02E6742D75F0D812AD9A23D /* Build configuration list for PBXProject "SkyViewControl" */ = {
			isa = XCConfigurationList;
			buildConfigurations = (
				422ABE00B727C14B67BC01A9 /* Debug */,
				D1449863CFEA3A1967DC9986 /* Release */,
			);
			defaultConfigurationIsVisible = 0;
			defaultConfigurationName = Debug;
		};
/* End XCConfigurationList section */
	};
	rootObject = DA4953E8EC220B4EEA9E1B2B /* Project object */;
}
