{
  "lockfileVersion": 1,
  "configVersion": 1,
  "workspaces": {
    "": {
      "name": "skyview-relay",
      "dependencies": {
        "hono": "^4.12.28",
      },
    },
  },
  "packages": {
    "hono": ["hono@4.12.28", "", {}, "sha512-YwUvVpSF7m1yOblFPrU3Hbo8XhPheBoiyfGuII6z19LnOr6JpDnyyp7LFNrfV56wS8tpvtBFGRISHN02pDdLOA=="],
  }
}
